
Microsoft Visual Studio Solution File, Format Version 12.00
# Visual Studio Version 16
VisualStudioVersion = 16.0.31004.235
MinimumVisualStudioVersion = 10.0.40219.1
Project("{FAE04EC0-301F-11D3-BF4B-00C04F79EFBC}") = "Api", "Api\Api.csproj", "{1E5B1BF0-312C-43FD-8BD8-7D7651F97BE1}"
EndProject
Project("{2150E333-8FDC-42A3-9474-1A3956D46DE8}") = "Modules", "Modules", "{C670B572-3E93-456C-A72B-E8281DA967EB}"
EndProject
Project("{FAE04EC0-301F-11D3-BF4B-00C04F79EFBC}") = "Service", "Modules\Book\Service\Service.csproj", "{F21A2FCD-73CF-4774-A7F0-1FA5D1BAA6A6}"
EndProject
Project("{2150E333-8FDC-42A3-9474-1A3956D46DE8}") = "Book", "Book", "{FA4D7532-C7F8-4BF3-BA83-B4DD5F1F3C22}"
EndProject
Project("{FAE04EC0-301F-11D3-BF4B-00C04F79EFBC}") = "Domain", "Modules\Book\Domain\Domain.csproj", "{EF111177-1CE2-446D-8822-61A6DB923E14}"
EndProject
Project("{FAE04EC0-301F-11D3-BF4B-00C04F79EFBC}") = "Infrastructure", "Modules\Book\Infrastructure\Infrastructure.csproj", "{3FF354B8-59AE-47AD-8BC5-D6F149CAC1C6}"
EndProject
Project("{2150E333-8FDC-42A3-9474-1A3956D46DE8}") = "Author", "Author", "{27AF8E8C-C9FC-4A6A-9194-1DB380A107C3}"
EndProject
Project("{FAE04EC0-301F-11D3-BF4B-00C04F79EFBC}") = "Domain", "Modules\Author\Domain\Domain.csproj", "{DC615DD7-0113-4129-999D-8A377688D711}"
EndProject
Project("{FAE04EC0-301F-11D3-BF4B-00C04F79EFBC}") = "Infrastructure", "Modules\Author\Infrastructure\Infrastructure.csproj", "{5826A343-5AB6-41D4-A339-1647425F50AC}"
EndProject
Project("{FAE04EC0-301F-11D3-BF4B-00C04F79EFBC}") = "Service", "Modules\Author\Service\Service.csproj", "{14E272DC-C067-47DB-B8A9-505EB63DAF58}"
EndProject
Project("{FAE04EC0-301F-11D3-BF4B-00C04F79EFBC}") = "Application", "Modules\Author\Application\Application.csproj", "{D058DD2D-79E0-420D-B56D-1CEE473D5115}"
EndProject
Project("{FAE04EC0-301F-11D3-BF4B-00C04F79EFBC}") = "Application", "Modules\Book\Application\Application.csproj", "{05FC9096-30C0-444B-9620-4B1C44A4C21C}"
EndProject
Global
	GlobalSection(SolutionConfigurationPlatforms) = preSolution
		Debug|Any CPU = Debug|Any CPU
		Release|Any CPU = Release|Any CPU
	EndGlobalSection
	GlobalSection(ProjectConfigurationPlatforms) = postSolution
		{1E5B1BF0-312C-43FD-8BD8-7D7651F97BE1}.Debug|Any CPU.ActiveCfg = Debug|Any CPU
		{1E5B1BF0-312C-43FD-8BD8-7D7651F97BE1}.Debug|Any CPU.Build.0 = Debug|Any CPU
		{1E5B1BF0-312C-43FD-8BD8-7D7651F97BE1}.Release|Any CPU.ActiveCfg = Release|Any CPU
		{1E5B1BF0-312C-43FD-8BD8-7D7651F97BE1}.Release|Any CPU.Build.0 = Release|Any CPU
		{F21A2FCD-73CF-4774-A7F0-1FA5D1BAA6A6}.Debug|Any CPU.ActiveCfg = Debug|Any CPU
		{F21A2FCD-73CF-4774-A7F0-1FA5D1BAA6A6}.Debug|Any CPU.Build.0 = Debug|Any CPU
		{F21A2FCD-73CF-4774-A7F0-1FA5D1BAA6A6}.Release|Any CPU.ActiveCfg = Release|Any CPU
		{F21A2FCD-73CF-4774-A7F0-1FA5D1BAA6A6}.Release|Any CPU.Build.0 = Release|Any CPU
		{EF111177-1CE2-446D-8822-61A6DB923E14}.Debug|Any CPU.ActiveCfg = Debug|Any CPU
		{EF111177-1CE2-446D-8822-61A6DB923E14}.Debug|Any CPU.Build.0 = Debug|Any CPU
		{EF111177-1CE2-446D-8822-61A6DB923E14}.Release|Any CPU.ActiveCfg = Release|Any CPU
		{EF111177-1CE2-446D-8822-61A6DB923E14}.Release|Any CPU.Build.0 = Release|Any CPU
		{3FF354B8-59AE-47AD-8BC5-D6F149CAC1C6}.Debug|Any CPU.ActiveCfg = Debug|Any CPU
		{3FF354B8-59AE-47AD-8BC5-D6F149CAC1C6}.Debug|Any CPU.Build.0 = Debug|Any CPU
		{3FF354B8-59AE-47AD-8BC5-D6F149CAC1C6}.Release|Any CPU.ActiveCfg = Release|Any CPU
		{3FF354B8-59AE-47AD-8BC5-D6F149CAC1C6}.Release|Any CPU.Build.0 = Release|Any CPU
		{DC615DD7-0113-4129-999D-8A377688D711}.Debug|Any CPU.ActiveCfg = Debug|Any CPU
		{DC615DD7-0113-4129-999D-8A377688D711}.Debug|Any CPU.Build.0 = Debug|Any CPU
		{DC615DD7-0113-4129-999D-8A377688D711}.Release|Any CPU.ActiveCfg = Release|Any CPU
		{DC615DD7-0113-4129-999D-8A377688D711}.Release|Any CPU.Build.0 = Release|Any CPU
		{5826A343-5AB6-41D4-A339-1647425F50AC}.Debug|Any CPU.ActiveCfg = Debug|Any CPU
		{5826A343-5AB6-41D4-A339-1647425F50AC}.Debug|Any CPU.Build.0 = Debug|Any CPU
		{5826A343-5AB6-41D4-A339-1647425F50AC}.Release|Any CPU.ActiveCfg = Release|Any CPU
		{5826A343-5AB6-41D4-A339-1647425F50AC}.Release|Any CPU.Build.0 = Release|Any CPU
		{14E272DC-C067-47DB-B8A9-505EB63DAF58}.Debug|Any CPU.ActiveCfg = Debug|Any CPU
		{14E272DC-C067-47DB-B8A9-505EB63DAF58}.Debug|Any CPU.Build.0 = Debug|Any CPU
		{14E272DC-C067-47DB-B8A9-505EB63DAF58}.Release|Any CPU.ActiveCfg = Release|Any CPU
		{14E272DC-C067-47DB-B8A9-505EB63DAF58}.Release|Any CPU.Build.0 = Release|Any CPU
		{D058DD2D-79E0-420D-B56D-1CEE473D5115}.Debug|Any CPU.ActiveCfg = Debug|Any CPU
		{D058DD2D-79E0-420D-B56D-1CEE473D5115}.Debug|Any CPU.Build.0 = Debug|Any CPU
		{D058DD2D-79E0-420D-B56D-1CEE473D5115}.Release|Any CPU.ActiveCfg = Release|Any CPU
		{D058DD2D-79E0-420D-B56D-1CEE473D5115}.Release|Any CPU.Build.0 = Release|Any CPU
		{05FC9096-30C0-444B-9620-4B1C44A4C21C}.Debug|Any CPU.ActiveCfg = Debug|Any CPU
		{05FC9096-30C0-444B-9620-4B1C44A4C21C}.Debug|Any CPU.Build.0 = Debug|Any CPU
		{05FC9096-30C0-444B-9620-4B1C44A4C21C}.Release|Any CPU.ActiveCfg = Release|Any CPU
		{05FC9096-30C0-444B-9620-4B1C44A4C21C}.Release|Any CPU.Build.0 = Release|Any CPU
	EndGlobalSection
	GlobalSection(SolutionProperties) = preSolution
		HideSolutionNode = FALSE
	EndGlobalSection
	GlobalSection(NestedProjects) = preSolution
		{FA4D7532-C7F8-4BF3-BA83-B4DD5F1F3C22} = {C670B572-3E93-456C-A72B-E8281DA967EB}
		{EF111177-1CE2-446D-8822-61A6DB923E14} = {FA4D7532-C7F8-4BF3-BA83-B4DD5F1F3C22}
		{F21A2FCD-73CF-4774-A7F0-1FA5D1BAA6A6} = {FA4D7532-C7F8-4BF3-BA83-B4DD5F1F3C22}
		{3FF354B8-59AE-47AD-8BC5-D6F149CAC1C6} = {FA4D7532-C7F8-4BF3-BA83-B4DD5F1F3C22}
		{27AF8E8C-C9FC-4A6A-9194-1DB380A107C3} = {C670B572-3E93-456C-A72B-E8281DA967EB}
		{DC615DD7-0113-4129-999D-8A377688D711} = {27AF8E8C-C9FC-4A6A-9194-1DB380A107C3}
		{5826A343-5AB6-41D4-A339-1647425F50AC} = {27AF8E8C-C9FC-4A6A-9194-1DB380A107C3}
		{14E272DC-C067-47DB-B8A9-505EB63DAF58} = {27AF8E8C-C9FC-4A6A-9194-1DB380A107C3}
		{D058DD2D-79E0-420D-B56D-1CEE473D5115} = {27AF8E8C-C9FC-4A6A-9194-1DB380A107C3}
		{05FC9096-30C0-444B-9620-4B1C44A4C21C} = {FA4D7532-C7F8-4BF3-BA83-B4DD5F1F3C22}
	EndGlobalSection
	GlobalSection(ExtensibilityGlobals) = postSolution
		SolutionGuid = {373725D7-A5DD-4E65-8D63-670C0CBC99F0}
	EndGlobalSection
EndGlobal
